lockfileVersion: '9.0'

settings:
  autoInstallPeers: true
  excludeLinksFromLockfile: false

importers:

  .:
    dependencies:
      dotenv:
        specifier: ^17.4.2
        version: 17.4.2
      node-appwrite:
        specifier: ^29.0.0
        version: 29.0.0

packages:

  bignumber.js@9.3.1:
    resolution: {integrity: sha512-Ko0uX15oIUS7wJ3Rb30Fs6SkVbLmPBAKdlm7q9+ak9bbIeFf0MwuBsQV6z7+X768/cHsfg+WlysDWJcmthjsjQ==}

  dotenv@17.4.2:
    resolution: {integrity: sha512-nI4U3TottKAcAD9LLud4Cb7b2QztQMUEfHbvhTH09bqXTxnSie8WnjPALV/WMCrJZ6UV/qHJ6L03OqO3LcdYZw==}
    engines: {node: '>=12'}

  json-bigint@1.0.0:
    resolution: {integrity: sha512-SiPv/8VpZuWbvLSMtTDU8hEfrZWg/mH/nV/b4o0CYbSxu1UIQPLdwKOCIyLQX+VIPO5vrLX3i8qtqFyhdPSUSQ==}

  node-appwrite@29.0.0:
    resolution: {integrity: sha512-c2lkV5uiHrOXEs2VqyQYmXomEGgeHS21neCJHb0tyGfeQ0KqIPKYz9O3TQrRtRJk7YMBRoJfjorR527371TRdQ==}

  undici@6.28.1:
    resolution: {integrity: sha512-zWpdTVD54H48CIybL0rWQ3ukpb9d23wM7eH5RtfdmeP70cWHNjtfo7P4vZX+5CoDcO53J4Pu5uXp7lNfjc6DRA==}
    engines: {node: '>=18.17'}

snapshots:

  bignumber.js@9.3.1: {}

  dotenv@17.4.2: {}

  json-bigint@1.0.0:
    dependencies:
      bignumber.js: 9.3.1

  node-appwrite@29.0.0:
    dependencies:
      json-bigint: 1.0.0
      undici: 6.28.1

  undici@6.28.1: {}
